// !$*UTF8*$!
{
	archiveVersion = 1;
	classes = {
	};
	objectVersion = 46;
	objects = {

/* Begin PBXBuildFile section */
		250338811C18235C00F3D3C9 /* libwbx_aectrain.a in Frameworks */ = {isa = PBXBuildFile; fileRef = 140853B71B70B47100708711 /* libwbx_aectrain.a */; };
		250338821C18235F00F3D3C9 /* libwbx_dagc.a in Frameworks */ = {isa = PBXBuildFile; fileRef = 25E25FB51BFC78D50057E492 /* libwbx_dagc.a */; };
		250338831C18236100F3D3C9 /* libwbx_vad.a in Frameworks */ = {isa = PBXBuildFile; fileRef = 25E25FC11BFC78F90057E492 /* libwbx_vad.a */; };
		A20649211C3D090300DB4BF3 /* WaveIO.cpp in Sources */ = {isa = PBXBuildFile; fileRef = A20649201C3D090300DB4BF3 /* WaveIO.cpp */; };
		E729A53B1AA6E7BB0046F223 /* main.cpp in Sources */ = {isa = PBXBuildFile; fileRef = E729A53A1AA6E7BB0046F223 /* main.cpp */; };
/* End PBXBuildFile section */

/* Begin PBXContainerItemProxy section */
		140853B61B70B47100708711 /* PBXContainerItemProxy */ = {
			isa = PBXContainerItemProxy;
			containerPortal = 140853B21B70B47000708711 /* wbx_aectrain.xcodeproj */;
			proxyType = 2;
			remoteGlobalIDString = 0B09B7271AFB007B00432FDF;
			remoteInfo = wbx_aectrain;
		};
		2503387B1C18232900F3D3C9 /* PBXContainerItemProxy */ = {
			isa = PBXContainerItemProxy;
			containerPortal = 25E25FBC1BFC78F90057E492 /* wbx_vad.xcodeproj */;
			proxyType = 1;
			remoteGlobalIDString = 4178B2DF17B33C5800AEB9D8;
			remoteInfo = wbx_vad;
		};
		2503387D1C18232D00F3D3C9 /* PBXContainerItemProxy */ = {
			isa = PBXContainerItemProxy;
			containerPortal = 25E25FB01BFC78D50057E492 /* wbx_dagc.xcodeproj */;
			proxyType = 1;
			remoteGlobalIDString = 41D0082617B33307000F92AD;
			remoteInfo = wbx_dagc;
		};
		2503387F1C18233100F3D3C9 /* PBXContainerItemProxy */ = {
			isa = PBXContainerItemProxy;
			containerPortal = 140853B21B70B47000708711 /* wbx_aectrain.xcodeproj */;
			proxyType = 1;
			remoteGlobalIDString = 0B09B7261AFB007B00432FDF;
			remoteInfo = wbx_aectrain;
		};
		25E25FB41BFC78D50057E492 /* PBXContainerItemProxy */ = {
			isa = PBXContainerItemProxy;
			containerPortal = 25E25FB01BFC78D50057E492 /* wbx_dagc.xcodeproj */;
			proxyType = 2;
			remoteGlobalIDString = 41D0082717B33307000F92AD;
			remoteInfo = wbx_dagc;
		};
		25E25FC01BFC78F90057E492 /* PBXContainerItemProxy */ = {
			isa = PBXContainerItemProxy;
			containerPortal = 25E25FBC1BFC78F90057E492 /* wbx_vad.xcodeproj */;
			proxyType = 2;
			remoteGlobalIDString = 4178B2E017B33C5800AEB9D8;
			remoteInfo = wbx_vad;
		};
/* End PBXContainerItemProxy section */

/* Begin PBXCopyFilesBuildPhase section */
		E729A5351AA6E7BB0046F223 /* CopyFiles */ = {
			isa = PBXCopyFilesBuildPhase;
			buildActionMask = 2147483647;
			dstPath = /usr/share/man/man1/;
			dstSubfolderSpec = 0;
			files = (
			);
			runOnlyForDeploymentPostprocessing = 1;
		};
/* End PBXCopyFilesBuildPhase section */

/* Begin PBXFileReference section */
		140853B21B70B47000708711 /* wbx_aectrain.xcodeproj */ = {isa = PBXFileReference; lastKnownFileType = "wrapper.pb-project"; name = wbx_aectrain.xcodeproj; path = ../../../../../mediaengine/dolphin/src/cochelea/aec/moviAEC_webex/wbx_aectrain/wbx_aectrain.xcodeproj; sourceTree = "<group>"; };
		25E25FB01BFC78D50057E492 /* wbx_dagc.xcodeproj */ = {isa = PBXFileReference; lastKnownFileType = "wrapper.pb-project"; name = wbx_dagc.xcodeproj; path = ../../../../../mediaengine/dolphin/src/cochelea/dagc/WebEx_DAGC_Client_16k/MAC/wbx_dagc.xcodeproj; sourceTree = "<group>"; };
		25E25FBC1BFC78F90057E492 /* wbx_vad.xcodeproj */ = {isa = PBXFileReference; lastKnownFileType = "wrapper.pb-project"; name = wbx_vad.xcodeproj; path = ../../../../../mediaengine/dolphin/src/cochelea/vad/webexvadver1/MAC/wbx_vad.xcodeproj; sourceTree = "<group>"; };
		A20649201C3D090300DB4BF3 /* WaveIO.cpp */ = {isa = PBXFileReference; fileEncoding = 4; lastKnownFileType = sourcecode.cpp.cpp; name = WaveIO.cpp; path = ../../../../../../mediaengine/dolphin/src/cochelea/cochlea_test/WaveFunction/WaveIO.cpp; sourceTree = "<group>"; };
		A20649221C3D092700DB4BF3 /* WaveIO.h */ = {isa = PBXFileReference; fileEncoding = 4; lastKnownFileType = sourcecode.c.h; name = WaveIO.h; path = ../../../../../../mediaengine/dolphin/src/cochelea/cochlea_test/WaveFunction/WaveIO.h; sourceTree = "<group>"; };
		E729A5371AA6E7BB0046F223 /* AudioEngine_AEC_UT */ = {isa = PBXFileReference; explicitFileType = "compiled.mach-o.executable"; includeInIndex = 0; path = AudioEngine_AEC_UT; sourceTree = BUILT_PRODUCTS_DIR; };
		E729A53A1AA6E7BB0046F223 /* main.cpp */ = {isa = PBXFileReference; lastKnownFileType = sourcecode.cpp.cpp; path = main.cpp; sourceTree = "<group>"; };
/* End PBXFileReference section */

/* Begin PBXFrameworksBuildPhase section */
		E729A5341AA6E7BB0046F223 /* Frameworks */ = {
			isa = PBXFrameworksBuildPhase;
			buildActionMask = 2147483647;
			files = (
				250338831C18236100F3D3C9 /* libwbx_vad.a in Frameworks */,
				250338821C18235F00F3D3C9 /* libwbx_dagc.a in Frameworks */,
				250338811C18235C00F3D3C9 /* libwbx_aectrain.a in Frameworks */,
			);
			runOnlyForDeploymentPostprocessing = 0;
		};
/* End PBXFrameworksBuildPhase section */

/* Begin PBXGroup section */
		140853B31B70B47000708711 /* Products */ = {
			isa = PBXGroup;
			children = (
				140853B71B70B47100708711 /* libwbx_aectrain.a */,
			);
			name = Products;
			sourceTree = "<group>";
		};
		25E25FB11BFC78D50057E492 /* Products */ = {
			isa = PBXGroup;
			children = (
				25E25FB51BFC78D50057E492 /* libwbx_dagc.a */,
			);
			name = Products;
			sourceTree = "<group>";
		};
		25E25FBD1BFC78F90057E492 /* Products */ = {
			isa = PBXGroup;
			children = (
				25E25FC11BFC78F90057E492 /* libwbx_vad.a */,
			);
			name = Products;
			sourceTree = "<group>";
		};
		E729A52E1AA6E7BB0046F223 = {
			isa = PBXGroup;
			children = (
				25E25FBC1BFC78F90057E492 /* wbx_vad.xcodeproj */,
				25E25FB01BFC78D50057E492 /* wbx_dagc.xcodeproj */,
				140853B21B70B47000708711 /* wbx_aectrain.xcodeproj */,
				E729A5391AA6E7BB0046F223 /* AudioEngine_AEC_UT */,
				E729A5381AA6E7BB0046F223 /* Products */,
			);
			sourceTree = "<group>";
		};
		E729A5381AA6E7BB0046F223 /* Products */ = {
			isa = PBXGroup;
			children = (
				E729A5371AA6E7BB0046F223 /* AudioEngine_AEC_UT */,
			);
			name = Products;
			sourceTree = "<group>";
		};
		E729A5391AA6E7BB0046F223 /* AudioEngine_AEC_UT */ = {
			isa = PBXGroup;
			children = (
				A20649221C3D092700DB4BF3 /* WaveIO.h */,
				A20649201C3D090300DB4BF3 /* WaveIO.cpp */,
				E729A53A1AA6E7BB0046F223 /* main.cpp */,
			);
			path = AudioEngine_AEC_UT;
			sourceTree = "<group>";
		};
/* End PBXGroup section */

/* Begin PBXNativeTarget section */
		E729A5361AA6E7BB0046F223 /* AudioEngine_AEC_UT */ = {
			isa = PBXNativeTarget;
			buildConfigurationList = E729A5401AA6E7BB0046F223 /* Build configuration list for PBXNativeTarget "AudioEngine_AEC_UT" */;
			buildPhases = (
				E729A5331AA6E7BB0046F223 /* Sources */,
				E729A5341AA6E7BB0046F223 /* Frameworks */,
				E729A5351AA6E7BB0046F223 /* CopyFiles */,
			);
			buildRules = (
			);
			dependencies = (
				250338801C18233100F3D3C9 /* PBXTargetDependency */,
				2503387E1C18232D00F3D3C9 /* PBXTargetDependency */,
				2503387C1C18232900F3D3C9 /* PBXTargetDependency */,
			);
			name = AudioEngine_AEC_UT;
			productName = AudioEngine_AEC_UT;
			productReference = E729A5371AA6E7BB0046F223 /* AudioEngine_AEC_UT */;
			productType = "com.apple.product-type.tool";
		};
/* End PBXNativeTarget section */

/* Begin PBXProject section */
		E729A52F1AA6E7BB0046F223 /* Project object */ = {
			isa = PBXProject;
			attributes = {
				LastUpgradeCheck = 0510;
				ORGANIZATIONNAME = "Yaobin CHEN";
			};
			buildConfigurationList = E729A5321AA6E7BB0046F223 /* Build configuration list for PBXProject "AudioEngine_AEC_UT" */;
			compatibilityVersion = "Xcode 3.2";
			developmentRegion = English;
			hasScannedForEncodings = 0;
			knownRegions = (
				en,
			);
			mainGroup = E729A52E1AA6E7BB0046F223;
			productRefGroup = E729A5381AA6E7BB0046F223 /* Products */;
			projectDirPath = "";
			projectReferences = (
				{
					ProductGroup = 140853B31B70B47000708711 /* Products */;
					ProjectRef = 140853B21B70B47000708711 /* wbx_aectrain.xcodeproj */;
				},
				{
					ProductGroup = 25E25FB11BFC78D50057E492 /* Products */;
					ProjectRef = 25E25FB01BFC78D50057E492 /* wbx_dagc.xcodeproj */;
				},
				{
					ProductGroup = 25E25FBD1BFC78F90057E492 /* Products */;
					ProjectRef = 25E25FBC1BFC78F90057E492 /* wbx_vad.xcodeproj */;
				},
			);
			projectRoot = "";
			targets = (
				E729A5361AA6E7BB0046F223 /* AudioEngine_AEC_UT */,
			);
		};
/* End PBXProject section */

/* Begin PBXReferenceProxy section */
		140853B71B70B47100708711 /* libwbx_aectrain.a */ = {
			isa = PBXReferenceProxy;
			fileType = archive.ar;
			path = libwbx_aectrain.a;
			remoteRef = 140853B61B70B47100708711 /* PBXContainerItemProxy */;
			sourceTree = BUILT_PRODUCTS_DIR;
		};
		25E25FB51BFC78D50057E492 /* libwbx_dagc.a */ = {
			isa = PBXReferenceProxy;
			fileType = archive.ar;
			path = libwbx_dagc.a;
			remoteRef = 25E25FB41BFC78D50057E492 /* PBXContainerItemProxy */;
			sourceTree = BUILT_PRODUCTS_DIR;
		};
		25E25FC11BFC78F90057E492 /* libwbx_vad.a */ = {
			isa = PBXReferenceProxy;
			fileType = archive.ar;
			path = libwbx_vad.a;
			remoteRef = 25E25FC01BFC78F90057E492 /* PBXContainerItemProxy */;
			sourceTree = BUILT_PRODUCTS_DIR;
		};
/* End PBXReferenceProxy section */

/* Begin PBXSourcesBuildPhase section */
		E729A5331AA6E7BB0046F223 /* Sources */ = {
			isa = PBXSourcesBuildPhase;
			buildActionMask = 2147483647;
			files = (
				A20649211C3D090300DB4BF3 /* WaveIO.cpp in Sources */,
				E729A53B1AA6E7BB0046F223 /* main.cpp in Sources */,
			);
			runOnlyForDeploymentPostprocessing = 0;
		};
/* End PBXSourcesBuildPhase section */

/* Begin PBXTargetDependency section */
		2503387C1C18232900F3D3C9 /* PBXTargetDependency */ = {
			isa = PBXTargetDependency;
			name = wbx_vad;
			targetProxy = 2503387B1C18232900F3D3C9 /* PBXContainerItemProxy */;
		};
		2503387E1C18232D00F3D3C9 /* PBXTargetDependency */ = {
			isa = PBXTargetDependency;
			name = wbx_dagc;
			targetProxy = 2503387D1C18232D00F3D3C9 /* PBXContainerItemProxy */;
		};
		250338801C18233100F3D3C9 /* PBXTargetDependency */ = {
			isa = PBXTargetDependency;
			name = wbx_aectrain;
			targetProxy = 2503387F1C18233100F3D3C9 /* PBXContainerItemProxy */;
		};
/* End PBXTargetDependency section */

/* Begin XCBuildConfiguration section */
		E729A53E1AA6E7BB0046F223 /* Debug */ = {
			isa = XCBuildConfiguration;
			buildSettings = {
				ALWAYS_SEARCH_USER_PATHS = NO;
				CLANG_CXX_LANGUAGE_STANDARD = "gnu++0x";
				CLANG_CXX_LIBRARY = "libc++";
				CLANG_ENABLE_MODULES = YES;
				CLANG_ENABLE_OBJC_ARC = YES;
				CLANG_WARN_BOOL_CONVERSION = YES;
				CLANG_WARN_CONSTANT_CONVERSION = YES;
				CLANG_WARN_DIRECT_OBJC_ISA_USAGE = YES_ERROR;
				CLANG_WARN_EMPTY_BODY = YES;
				CLANG_WARN_ENUM_CONVERSION = YES;
				CLANG_WARN_INT_CONVERSION = YES;
				CLANG_WARN_OBJC_ROOT_CLASS = YES_ERROR;
				CLANG_WARN__DUPLICATE_METHOD_MATCH = YES;
				COPY_PHASE_STRIP = NO;
				GCC_C_LANGUAGE_STANDARD = gnu99;
				GCC_DYNAMIC_NO_PIC = NO;
				GCC_ENABLE_OBJC_EXCEPTIONS = YES;
				GCC_OPTIMIZATION_LEVEL = 0;
				GCC_PREPROCESSOR_DEFINITIONS = (
					"DEBUG=1",
					"$(inherited)",
				);
				GCC_SYMBOLS_PRIVATE_EXTERN = NO;
				GCC_WARN_64_TO_32_BIT_CONVERSION = YES;
				GCC_WARN_ABOUT_RETURN_TYPE = YES_ERROR;
				GCC_WARN_UNDECLARED_SELECTOR = YES;
				GCC_WARN_UNINITIALIZED_AUTOS = YES_AGGRESSIVE;
				GCC_WARN_UNUSED_FUNCTION = YES;
				GCC_WARN_UNUSED_VARIABLE = YES;
				HEADER_SEARCH_PATHS = (
					../../../../../mediaengine/dolphin/src/cochelea/cochlea_test/WaveFunction,
					../../../../../mediaengine/dolphin/src/cochelea/include,
				);
				LIBRARY_SEARCH_PATHS = "";
				MACOSX_DEPLOYMENT_TARGET = 10.9;
				ONLY_ACTIVE_ARCH = YES;
				OTHER_LDFLAGS = "";
				SDKROOT = macosx;
				SYMROOT = "$(SRCROOT)/../bin";
			};
			name = Debug;
		};
		E729A53F1AA6E7BB0046F223 /* Release */ = {
			isa = XCBuildConfiguration;
			buildSettings = {
				ALWAYS_SEARCH_USER_PATHS = NO;
				CLANG_CXX_LANGUAGE_STANDARD = "gnu++0x";
				CLANG_CXX_LIBRARY = "libc++";
				CLANG_ENABLE_MODULES = YES;
				CLANG_ENABLE_OBJC_ARC = YES;
				CLANG_WARN_BOOL_CONVERSION = YES;
				CLANG_WARN_CONSTANT_CONVERSION = YES;
				CLANG_WARN_DIRECT_OBJC_ISA_USAGE = YES_ERROR;
				CLANG_WARN_EMPTY_BODY = YES;
				CLANG_WARN_ENUM_CONVERSION = YES;
				CLANG_WARN_INT_CONVERSION = YES;
				CLANG_WARN_OBJC_ROOT_CLASS = YES_ERROR;
				CLANG_WARN__DUPLICATE_METHOD_MATCH = YES;
				COPY_PHASE_STRIP = YES;
				DEBUG_INFORMATION_FORMAT = "dwarf-with-dsym";
				ENABLE_NS_ASSERTIONS = NO;
				GCC_C_LANGUAGE_STANDARD = gnu99;
				GCC_ENABLE_OBJC_EXCEPTIONS = YES;
				GCC_WARN_64_TO_32_BIT_CONVERSION = YES;
				GCC_WARN_ABOUT_RETURN_TYPE = YES_ERROR;
				GCC_WARN_UNDECLARED_SELECTOR = YES;
				GCC_WARN_UNINITIALIZED_AUTOS = YES_AGGRESSIVE;
				GCC_WARN_UNUSED_FUNCTION = YES;
				GCC_WARN_UNUSED_VARIABLE = YES;
				HEADER_SEARCH_PATHS = (
					../../../../../mediaengine/dolphin/src/cochelea/cochlea_test/WaveFunction,
					../../../../../mediaengine/dolphin/src/cochelea/include,
				);
				LIBRARY_SEARCH_PATHS = "";
				MACOSX_DEPLOYMENT_TARGET = 10.9;
				OTHER_LDFLAGS = "";
				SDKROOT = macosx;
				SYMROOT = "$(SRCROOT)/../bin";
			};
			name = Release;
		};
		E729A5411AA6E7BB0046F223 /* Debug */ = {
			isa = XCBuildConfiguration;
			buildSettings = {
				CONFIGURATION_BUILD_DIR = "../bin/$(CONFIGURATION)$(EFFECTIVE_PLATFORM_NAME)";
				HEADER_SEARCH_PATHS = (
					../../../../../mediaengine/dolphin/src/cochelea/include,
					../../../../../mediaengine/dolphin/src/cochelea/cochlea_test/WaveFunction,
				);
				LIBRARY_SEARCH_PATHS = ../../../../../mediaengine/dolphin/src/cochelea/libs/mac/Debug;
				OTHER_LDFLAGS = "-lwbx_aectrain";
				PRODUCT_NAME = "$(TARGET_NAME)";
			};
			name = Debug;
		};
		E729A5421AA6E7BB0046F223 /* Release */ = {
			isa = XCBuildConfiguration;
			buildSettings = {
				CONFIGURATION_BUILD_DIR = "../bin/$(CONFIGURATION)$(EFFECTIVE_PLATFORM_NAME)";
				HEADER_SEARCH_PATHS = (
					../../../../../mediaengine/dolphin/src/cochelea/include,
					../../../../../mediaengine/dolphin/src/cochelea/cochlea_test/WaveFunction,
				);
				LIBRARY_SEARCH_PATHS = ../../../../../mediaengine/dolphin/src/cochelea/libs/mac/Release;
				OTHER_LDFLAGS = "-lwbx_aectrain";
				PRODUCT_NAME = "$(TARGET_NAME)";
			};
			name = Release;
		};
/* End XCBuildConfiguration section */

/* Begin XCConfigurationList section */
		E729A5321AA6E7BB0046F223 /* Build configuration list for PBXProject "AudioEngine_AEC_UT" */ = {
			isa = XCConfigurationList;
			buildConfigurations = (
				E729A53E1AA6E7BB0046F223 /* Debug */,
				E729A53F1AA6E7BB0046F223 /* Release */,
			);
			defaultConfigurationIsVisible = 0;
			defaultConfigurationName = Release;
		};
		E729A5401AA6E7BB0046F223 /* Build configuration list for PBXNativeTarget "AudioEngine_AEC_UT" */ = {
			isa = XCConfigurationList;
			buildConfigurations = (
				E729A5411AA6E7BB0046F223 /* Debug */,
				E729A5421AA6E7BB0046F223 /* Release */,
			);
			defaultConfigurationIsVisible = 0;
			defaultConfigurationName = Release;
		};
/* End XCConfigurationList section */
	};
	rootObject = E729A52F1AA6E7BB0046F223 /* Project object */;
}
